
Microsoft Visual Studio Solution File, Format Version 12.00
# Visual Studio Version 16
VisualStudioVersion = 16.0.30907.101
MinimumVisualStudioVersion = 10.0.40219.1
Project("{FAE04EC0-301F-11D3-BF4B-00C04F79EFBC}") = "TryCatch", "TryCatch\TryCatch.csproj", "{02CBCCB1-3359-4AF4-BB57-7738598F8C4B}"
EndProject
Global
	GlobalSection(SolutionConfigurationPlatforms) = preSolution
		Debug|Any CPU = Debug|Any CPU
		Release|Any CPU = Release|Any CPU
	EndGlobalSection
	GlobalSection(ProjectConfigurationPlatforms) = postSolution
		{02CBCCB1-3359-4AF4-BB57-7738598F8C4B}.Debug|Any CPU.ActiveCfg = Debug|Any CPU
		{02CBCCB1-3359-4AF4-BB57-7738598F8C4B}.Debug|Any CPU.Build.0 = Debug|Any CPU
		{02CBCCB1-3359-4AF4-BB57-7738598F8C4B}.Release|Any CPU.ActiveCfg = Release|Any CPU
		{02CBCCB1-3359-4AF4-BB57-7738598F8C4B}.Release|Any CPU.Build.0 = Release|Any CPU
	EndGlobalSection
	GlobalSection(SolutionProperties) = preSolution
		HideSolutionNode = FALSE
	EndGlobalSection
	GlobalSection(ExtensibilityGlobals) = postSolution
		SolutionGuid = {372DF21B-B379-47F2-ACFF-691684DFA982}
	EndGlobalSection
EndGlobal
